// !$*UTF8*$!
{
	archiveVersion = 1;
	classes = {
	};
	objectVersion = 56;
	objects = {

/* Begin PBXBuildFile section */
		B1FDBA0C447DA18CE44E037A /* Pods_IOSChitChat.framework in Frameworks */ = {isa = PBXBuildFile; fileRef = 1BC082D0F9D949EF8A223BB9 /* Pods_IOSChitChat.framework */; };
		B887741729EFBFD300F3B450 /* AppDelegate.swift in Sources */ = {isa = PBXBuildFile; fileRef = B887741629EFBFD300F3B450 /* AppDelegate.swift */; };
		B887741929EFBFD300F3B450 /* SceneDelegate.swift in Sources */ = {isa = PBXBuildFile; fileRef = B887741829EFBFD300F3B450 /* SceneDelegate.swift */; };
		B887741B29EFBFD300F3B450 /* LoginViewController.swift in Sources */ = {isa = PBXBuildFile; fileRef = B887741A29EFBFD300F3B450 /* LoginViewController.swift */; };
		B887742029EFBFD600F3B450 /* Assets.xcassets in Resources */ = {isa = PBXBuildFile; fileRef = B887741F29EFBFD600F3B450 /* Assets.xcassets */; };
		B887742329EFBFD600F3B450 /* LaunchScreen.storyboard in Resources */ = {isa = PBXBuildFile; fileRef = B887742129EFBFD600F3B450 /* LaunchScreen.storyboard */; };
		B887743029EFC4E700F3B450 /* ChatManager.swift in Sources */ = {isa = PBXBuildFile; fileRef = B887742F29EFC4E700F3B450 /* ChatManager.swift */; };
		B887743229EFD3CC00F3B450 /* SettingsViewController.swift in Sources */ = {isa = PBXBuildFile; fileRef = B887743129EFD3CC00F3B450 /* SettingsViewController.swift */; };
		B887743429EFD3EB00F3B450 /* TabBarViewController.swift in Sources */ = {isa = PBXBuildFile; fileRef = B887743329EFD3EB00F3B450 /* TabBarViewController.swift */; };
/* End PBXBuildFile section */

/* Begin PBXFileReference section */
		1BC082D0F9D949EF8A223BB9 /* Pods_IOSChitChat.framework */ = {isa = PBXFileReference; explicitFileType = wrapper.framework; includeInIndex = 0; path = Pods_IOSChitChat.framework; sourceTree = BUILT_PRODUCTS_DIR; };
		B887741329EFBFD300F3B450 /* IOSChitChat.app */ = {isa = PBXFileReference; explicitFileType = wrapper.application; includeInIndex = 0; path = IOSChitChat.app; sourceTree = BUILT_PRODUCTS_DIR; };
		B887741629EFBFD300F3B450 /* AppDelegate.swift */ = {isa = PBXFileReference; lastKnownFileType = sourcecode.swift; path = AppDelegate.swift; sourceTree = "<group>"; };
		B887741829EFBFD300F3B450 /* SceneDelegate.swift */ = {isa = PBXFileReference; lastKnownFileType = sourcecode.swift; path = SceneDelegate.swift; sourceTree = "<group>"; };
		B887741A29EFBFD300F3B450 /* LoginViewController.swift */ = {isa = PBXFileReference; lastKnownFileType = sourcecode.swift; path = LoginViewController.swift; sourceTree = "<group>"; };
		B887741F29EFBFD600F3B450 /* Assets.xcassets */ = {isa = PBXFileReference; lastKnownFileType = folder.assetcatalog; path = Assets.xcassets; sourceTree = "<group>"; };
		B887742229EFBFD600F3B450 /* Base */ = {isa = PBXFileReference; lastKnownFileType = file.storyboard; name = Base; path = Base.lproj/LaunchScreen.storyboard; sourceTree = "<group>"; };
		B887742429EFBFD600F3B450 /* Info.plist */ = {isa = PBXFileReference; lastKnownFileType = text.plist.xml; path = Info.plist; sourceTree = "<group>"; };
		B887742F29EFC4E700F3B450 /* ChatManager.swift */ = {isa = PBXFileReference; lastKnownFileType = sourcecode.swift; path = ChatManager.swift; sourceTree = "<group>"; };
		B887743129EFD3CC00F3B450 /* SettingsViewController.swift */ = {isa = PBXFileReference; lastKnownFileType = sourcecode.swift; path = SettingsViewController.swift; sourceTree = "<group>"; };
		B887743329EFD3EB00F3B450 /* TabBarViewController.swift */ = {isa = PBXFileReference; lastKnownFileType = sourcecode.swift; path = TabBarViewController.swift; sourceTree = "<group>"; };
		E110D4A374E96A6AF0CD6E51 /* Pods-IOSChitChat.debug.xcconfig */ = {isa = PBXFileReference; includeInIndex = 1; lastKnownFileType = text.xcconfig; name = "Pods-IOSChitChat.debug.xcconfig"; path = "Target Support Files/Pods-IOSChitChat/Pods-IOSChitChat.debug.xcconfig"; sourceTree = "<group>"; };
		F6CEE3B6AA01C7CCBBFCF406 /* Pods-IOSChitChat.release.xcconfig */ = {isa = PBXFileReference; includeInIndex = 1; lastKnownFileType = text.xcconfig; name = "Pods-IOSChitChat.release.xcconfig"; path = "Target Support Files/Pods-IOSChitChat/Pods-IOSChitChat.release.xcconfig"; sourceTree = "<group>"; };
/* End PBXFileReference section */

/* Begin PBXFrameworksBuildPhase section */
		B887741029EFBFD300F3B450 /* Frameworks */ = {
			isa = PBXFrameworksBuildPhase;
			buildActionMask = 2147483647;
			files = (
				B1FDBA0C447DA18CE44E037A /* Pods_IOSChitChat.framework in Frameworks */,
			);
			runOnlyForDeploymentPostprocessing = 0;
		};
/* End PBXFrameworksBuildPhase section */

/* Begin PBXGroup section */
		B649A63B6F71C02CF18EBC62 /* Frameworks */ = {
			isa = PBXGroup;
			children = (
				1BC082D0F9D949EF8A223BB9 /* Pods_IOSChitChat.framework */,
			);
			name = Frameworks;
			sourceTree = "<group>";
		};
		B887740A29EFBFD300F3B450 = {
			isa = PBXGroup;
			children = (
				B887741529EFBFD300F3B450 /* IOSChitChat */,
				B887741429EFBFD300F3B450 /* Products */,
				C5ED2CCFC59A1BD023DA42BE /* Pods */,
				B649A63B6F71C02CF18EBC62 /* Frameworks */,
			);
			sourceTree = "<group>";
		};
		B887741429EFBFD300F3B450 /* Products */ = {
			isa = PBXGroup;
			children = (
				B887741329EFBFD300F3B450 /* IOSChitChat.app */,
			);
			name = Products;
			sourceTree = "<group>";
		};
		B887741529EFBFD300F3B450 /* IOSChitChat */ = {
			isa = PBXGroup;
			children = (
				B887742E29EFC4B900F3B450 /* Others */,
				B887742D29EFC4AE00F3B450 /* Managers */,
				B887742C29EFC4A800F3B450 /* Models */,
				B887742B29EFC4A300F3B450 /* Views */,
				B887742A29EFC49600F3B450 /* Controllers */,
				B887742429EFBFD600F3B450 /* Info.plist */,
			);
			path = IOSChitChat;
			sourceTree = "<group>";
		};
		B887742A29EFC49600F3B450 /* Controllers */ = {
			isa = PBXGroup;
			children = (
				B887741A29EFBFD300F3B450 /* LoginViewController.swift */,
				B887743129EFD3CC00F3B450 /* SettingsViewController.swift */,
				B887743329EFD3EB00F3B450 /* TabBarViewController.swift */,
			);
			path = Controllers;
			sourceTree = "<group>";
		};
		B887742B29EFC4A300F3B450 /* Views */ = {
			isa = PBXGroup;
			children = (
			);
			path = Views;
			sourceTree = "<group>";
		};
		B887742C29EFC4A800F3B450 /* Models */ = {
			isa = PBXGroup;
			children = (
			);
			path = Models;
			sourceTree = "<group>";
		};
		B887742D29EFC4AE00F3B450 /* Managers */ = {
			isa = PBXGroup;
			children = (
				B887742F29EFC4E700F3B450 /* ChatManager.swift */,
			);
			path = Managers;
			sourceTree = "<group>";
		};
		B887742E29EFC4B900F3B450 /* Others */ = {
			isa = PBXGroup;
			children = (
				B887741829EFBFD300F3B450 /* SceneDelegate.swift */,
				B887741629EFBFD300F3B450 /* AppDelegate.swift */,
				B887742129EFBFD600F3B450 /* LaunchScreen.storyboard */,
				B887741F29EFBFD600F3B450 /* Assets.xcassets */,
			);
			path = Others;
			sourceTree = "<group>";
		};
		C5ED2CCFC59A1BD023DA42BE /* Pods */ = {
			isa = PBXGroup;
			children = (
				E110D4A374E96A6AF0CD6E51 /* Pods-IOSChitChat.debug.xcconfig */,
				F6CEE3B6AA01C7CCBBFCF406 /* Pods-IOSChitChat.release.xcconfig */,
			);
			path = Pods;
			sourceTree = "<group>";
		};
/* End PBXGroup section */

/* Begin PBXNativeTarget section */
		B887741229EFBFD300F3B450 /* IOSChitChat */ = {
			isa = PBXNativeTarget;
			buildConfigurationList = B887742729EFBFD600F3B450 /* Build configuration list for PBXNativeTarget "IOSChitChat" */;
			buildPhases = (
				34605749157F881D048BCE81 /* [CP] Check Pods Manifest.lock */,
				B887740F29EFBFD300F3B450 /* Sources */,
				B887741029EFBFD300F3B450 /* Frameworks */,
				B887741129EFBFD300F3B450 /* Resources */,
				65A629A7B0BC289926B022AD /* [CP] Embed Pods Frameworks */,
			);
			buildRules = (
			);
			dependencies = (
			);
			name = IOSChitChat;
			productName = IOSChitChat;
			productReference = B887741329EFBFD300F3B450 /* IOSChitChat.app */;
			productType = "com.apple.product-type.application";
		};
/* End PBXNativeTarget section */

/* Begin PBXProject section */
		B887740B29EFBFD300F3B450 /* Project object */ = {
			isa = PBXProject;
			attributes = {
				BuildIndependentTargetsInParallel = 1;
				LastSwiftUpdateCheck = 1420;
				LastUpgradeCheck = 1420;
				TargetAttributes = {
					B887741229EFBFD300F3B450 = {
						CreatedOnToolsVersion = 14.2;
					};
				};
			};
			buildConfigurationList = B887740E29EFBFD300F3B450 /* Build configuration list for PBXProject "IOSChitChat" */;
			compatibilityVersion = "Xcode 14.0";
			developmentRegion = en;
			hasScannedForEncodings = 0;
			knownRegions = (
				en,
				Base,
			);
			mainGroup = B887740A29EFBFD300F3B450;
			productRefGroup = B887741429EFBFD300F3B450 /* Products */;
			projectDirPath = "";
			projectRoot = "";
			targets = (
				B887741229EFBFD300F3B450 /* IOSChitChat */,
			);
		};
/* End PBXProject section */

/* Begin PBXResourcesBuildPhase section */
		B887741129EFBFD300F3B450 /* Resources */ = {
			isa = PBXResourcesBuildPhase;
			buildActionMask = 2147483647;
			files = (
				B887742329EFBFD600F3B450 /* LaunchScreen.storyboard in Resources */,
				B887742029EFBFD600F3B450 /* Assets.xcassets in Resources */,
			);
			runOnlyForDeploymentPostprocessing = 0;
		};
/* End PBXResourcesBuildPhase section */

/* Begin PBXShellScriptBuildPhase section */
		34605749157F881D048BCE81 /* [CP] Check Pods Manifest.lock */ = {
			isa = PBXShellScriptBuildPhase;
			buildActionMask = 2147483647;
			files = (
			);
			inputFileListPaths = (
			);
			inputPaths = (
				"${PODS_PODFILE_DIR_PATH}/Podfile.lock",
				"${PODS_ROOT}/Manifest.lock",
			);
			name = "[CP] Check Pods Manifest.lock";
			outputFileListPaths = (
			);
			outputPaths = (
				"$(DERIVED_FILE_DIR)/Pods-IOSChitChat-checkManifestLockResult.txt",
			);
			runOnlyForDeploymentPostprocessing = 0;
			shellPath = /bin/sh;
			shellScript = "diff \"${PODS_PODFILE_DIR_PATH}/Podfile.lock\" \"${PODS_ROOT}/Manifest.lock\" > /dev/null\nif [ $? != 0 ] ; then\n    # print error to STDERR\n    echo \"error: The sandbox is not in sync with the Podfile.lock. Run 'pod install' or update your CocoaPods installation.\" >&2\n    exit 1\nfi\n# This output is used by Xcode 'outputs' to avoid re-running this script phase.\necho \"SUCCESS\" > \"${SCRIPT_OUTPUT_FILE_0}\"\n";
			showEnvVarsInLog = 0;
		};
		65A629A7B0BC289926B022AD /* [CP] Embed Pods Frameworks */ = {
			isa = PBXShellScriptBuildPhase;
			buildActionMask = 2147483647;
			files = (
			);
			inputFileListPaths = (
				"${PODS_ROOT}/Target Support Files/Pods-IOSChitChat/Pods-IOSChitChat-frameworks-${CONFIGURATION}-input-files.xcfilelist",
			);
			name = "[CP] Embed Pods Frameworks";
			outputFileListPaths = (
				"${PODS_ROOT}/Target Support Files/Pods-IOSChitChat/Pods-IOSChitChat-frameworks-${CONFIGURATION}-output-files.xcfilelist",
			);
			runOnlyForDeploymentPostprocessing = 0;
			shellPath = /bin/sh;
			shellScript = "\"${PODS_ROOT}/Target Support Files/Pods-IOSChitChat/Pods-IOSChitChat-frameworks.sh\"\n";
			showEnvVarsInLog = 0;
		};
/* End PBXShellScriptBuildPhase section */

/* Begin PBXSourcesBuildPhase section */
		B887740F29EFBFD300F3B450 /* Sources */ = {
			isa = PBXSourcesBuildPhase;
			buildActionMask = 2147483647;
			files = (
				B887741B29EFBFD300F3B450 /* LoginViewController.swift in Sources */,
				B887741729EFBFD300F3B450 /* AppDelegate.swift in Sources */,
				B887741929EFBFD300F3B450 /* SceneDelegate.swift in Sources */,
				B887743229EFD3CC00F3B450 /* SettingsViewController.swift in Sources */,
				B887743429EFD3EB00F3B450 /* TabBarViewController.swift in Sources */,
				B887743029EFC4E700F3B450 /* ChatManager.swift in Sources */,
			);
			runOnlyForDeploymentPostprocessing = 0;
		};
/* End PBXSourcesBuildPhase section */

/* Begin PBXVariantGroup section */
		B887742129EFBFD600F3B450 /* LaunchScreen.storyboard */ = {
			isa = PBXVariantGroup;
			children = (
				B887742229EFBFD600F3B450 /* Base */,
			);
			name = LaunchScreen.storyboard;
			sourceTree = "<group>";
		};
/* End PBXVariantGroup section */

/* Begin XCBuildConfiguration section */
		B887742529EFBFD600F3B450 /* Debug */ = {
			isa = XCBuildConfiguration;
			buildSettings = {
				ALWAYS_SEARCH_USER_PATHS = NO;
				CLANG_ANALYZER_NONNULL = YES;
				CLANG_ANALYZER_NUMBER_OBJECT_CONVERSION = YES_AGGRESSIVE;
				CLANG_CXX_LANGUAGE_STANDARD = "gnu++20";
				CLANG_ENABLE_MODULES = YES;
				CLANG_ENABLE_OBJC_ARC = YES;
				CLANG_ENABLE_OBJC_WEAK = YES;
				CLANG_WARN_BLOCK_CAPTURE_AUTORELEASING = YES;
				CLANG_WARN_BOOL_CONVERSION = YES;
				CLANG_WARN_COMMA = YES;
				CLANG_WARN_CONSTANT_CONVERSION = YES;
				CLANG_WARN_DEPRECATED_OBJC_IMPLEMENTATIONS = YES;
				CLANG_WARN_DIRECT_OBJC_ISA_USAGE = YES_ERROR;
				CLANG_WARN_DOCUMENTATION_COMMENTS = YES;
				CLANG_WARN_EMPTY_BODY = YES;
				CLANG_WARN_ENUM_CONVERSION = YES;
				CLANG_WARN_INFINITE_RECURSION = YES;
				CLANG_WARN_INT_CONVERSION = YES;
				CLANG_WARN_NON_LITERAL_NULL_CONVERSION = YES;
				CLANG_WARN_OBJC_IMPLICIT_RETAIN_SELF = YES;
				CLANG_WARN_OBJC_LITERAL_CONVERSION = YES;
				CLANG_WARN_OBJC_ROOT_CLASS = YES_ERROR;
				CLANG_WARN_QUOTED_INCLUDE_IN_FRAMEWORK_HEADER = YES;
				CLANG_WARN_RANGE_LOOP_ANALYSIS = YES;
				CLANG_WARN_STRICT_PROTOTYPES = YES;
				CLANG_WARN_SUSPICIOUS_MOVE = YES;
				CLANG_WARN_UNGUARDED_AVAILABILITY = YES_AGGRESSIVE;
				CLANG_WARN_UNREACHABLE_CODE = YES;
				CLANG_WARN__DUPLICATE_METHOD_MATCH = YES;
				COPY_PHASE_STRIP = NO;
				DEBUG_INFORMATION_FORMAT = dwarf;
				ENABLE_STRICT_OBJC_MSGSEND = YES;
				ENABLE_TESTABILITY = YES;
				GCC_C_LANGUAGE_STANDARD = gnu11;
				GCC_DYNAMIC_NO_PIC = NO;
				GCC_NO_COMMON_BLOCKS = YES;
				GCC_OPTIMIZATION_LEVEL = 0;
				GCC_PREPROCESSOR_DEFINITIONS = (
					"DEBUG=1",
					"$(inherited)",
				);
				GCC_WARN_64_TO_32_BIT_CONVERSION = YES;
				GCC_WARN_ABOUT_RETURN_TYPE = YES_ERROR;
				GCC_WARN_UNDECLARED_SELECTOR = YES;
				GCC_WARN_UNINITIALIZED_AUTOS = YES_AGGRESSIVE;
				GCC_WARN_UNUSED_FUNCTION = YES;
				GCC_WARN_UNUSED_VARIABLE = YES;
				IPHONEOS_DEPLOYMENT_TARGET = 16.2;
				MTL_ENABLE_DEBUG_INFO = INCLUDE_SOURCE;
				MTL_FAST_MATH = YES;
				ONLY_ACTIVE_ARCH = YES;
				SDKROOT = iphoneos;
				SWIFT_ACTIVE_COMPILATION_CONDITIONS = DEBUG;
				SWIFT_OPTIMIZATION_LEVEL = "-Onone";
			};
			name = Debug;
		};
		B887742629EFBFD600F3B450 /* Release */ = {
			isa = XCBuildConfiguration;
			buildSettings = {
				ALWAYS_SEARCH_USER_PATHS = NO;
				CLANG_ANALYZER_NONNULL = YES;
				CLANG_ANALYZER_NUMBER_OBJECT_CONVERSION = YES_AGGRESSIVE;
				CLANG_CXX_LANGUAGE_STANDARD = "gnu++20";
				CLANG_ENABLE_MODULES = YES;
				CLANG_ENABLE_OBJC_ARC = YES;
				CLANG_ENABLE_OBJC_WEAK = YES;
				CLANG_WARN_BLOCK_CAPTURE_AUTORELEASING = YES;
				CLANG_WARN_BOOL_CONVERSION = YES;
				CLANG_WARN_COMMA = YES;
				CLANG_WARN_CONSTANT_CONVERSION = YES;
				CLANG_WARN_DEPRECATED_OBJC_IMPLEMENTATIONS = YES;
				CLANG_WARN_DIRECT_OBJC_ISA_USAGE = YES_ERROR;
				CLANG_WARN_DOCUMENTATION_COMMENTS = YES;
				CLANG_WARN_EMPTY_BODY = YES;
				CLANG_WARN_ENUM_CONVERSION = YES;
				CLANG_WARN_INFINITE_RECURSION = YES;
				CLANG_WARN_INT_CONVERSION = YES;
				CLANG_WARN_NON_LITERAL_NULL_CONVERSION = YES;
				CLANG_WARN_OBJC_IMPLICIT_RETAIN_SELF = YES;
				CLANG_WARN_OBJC_LITERAL_CONVERSION = YES;
				CLANG_WARN_OBJC_ROOT_CLASS = YES_ERROR;
				CLANG_WARN_QUOTED_INCLUDE_IN_FRAMEWORK_HEADER = YES;
				CLANG_WARN_RANGE_LOOP_ANALYSIS = YES;
				CLANG_WARN_STRICT_PROTOTYPES = YES;
				CLANG_WARN_SUSPICIOUS_MOVE = YES;
				CLANG_WARN_UNGUARDED_AVAILABILITY = YES_AGGRESSIVE;
				CLANG_WARN_UNREACHABLE_CODE = YES;
				CLANG_WARN__DUPLICATE_METHOD_MATCH = YES;
				COPY_PHASE_STRIP = NO;
				DEBUG_INFORMATION_FORMAT = "dwarf-with-dsym";
				ENABLE_NS_ASSERTIONS = NO;
				ENABLE_STRICT_OBJC_MSGSEND = YES;
				GCC_C_LANGUAGE_STANDARD = gnu11;
				GCC_NO_COMMON_BLOCKS = YES;
				GCC_WARN_64_TO_32_BIT_CONVERSION = YES;
				GCC_WARN_ABOUT_RETURN_TYPE = YES_ERROR;
				GCC_WARN_UNDECLARED_SELECTOR = YES;
				GCC_WARN_UNINITIALIZED_AUTOS = YES_AGGRESSIVE;
				GCC_WARN_UNUSED_FUNCTION = YES;
				GCC_WARN_UNUSED_VARIABLE = YES;
				IPHONEOS_DEPLOYMENT_TARGET = 16.2;
				MTL_ENABLE_DEBUG_INFO = NO;
				MTL_FAST_MATH = YES;
				SDKROOT = iphoneos;
				SWIFT_COMPILATION_MODE = wholemodule;
				SWIFT_OPTIMIZATION_LEVEL = "-O";
				VALIDATE_PRODUCT = YES;
			};
			name = Release;
		};
		B887742829EFBFD600F3B450 /* Debug */ = {
			isa = XCBuildConfiguration;
			baseConfigurationReference = E110D4A374E96A6AF0CD6E51 /* Pods-IOSChitChat.debug.xcconfig */;
			buildSettings = {
				ASSETCATALOG_COMPILER_APPICON_NAME = AppIcon;
				ASSETCATALOG_COMPILER_GLOBAL_ACCENT_COLOR_NAME = AccentColor;
				CODE_SIGN_STYLE = Automatic;
				CURRENT_PROJECT_VERSION = 1;
				GENERATE_INFOPLIST_FILE = YES;
				INFOPLIST_FILE = IOSChitChat/Info.plist;
				INFOPLIST_KEY_UIApplicationSupportsIndirectInputEvents = YES;
				INFOPLIST_KEY_UILaunchStoryboardName = LaunchScreen;
				INFOPLIST_KEY_UISupportedInterfaceOrientations_iPad = "UIInterfaceOrientationPortrait UIInterfaceOrientationPortraitUpsideDown UIInterfaceOrientationLandscapeLeft UIInterfaceOrientationLandscapeRight";
				INFOPLIST_KEY_UISupportedInterfaceOrientations_iPhone = "UIInterfaceOrientationPortrait UIInterfaceOrientationLandscapeLeft UIInterfaceOrientationLandscapeRight";
				LD_RUNPATH_SEARCH_PATHS = (
					"$(inherited)",
					"@executable_path/Frameworks",
				);
				MARKETING_VERSION = 1.0;
				PRODUCT_BUNDLE_IDENTIFIER = com.nazar.IOSChitChat;
				PRODUCT_NAME = "$(TARGET_NAME)";
				SWIFT_EMIT_LOC_STRINGS = YES;
				SWIFT_VERSION = 5.0;
				TARGETED_DEVICE_FAMILY = "1,2";
			};
			name = Debug;
		};
		B887742929EFBFD600F3B450 /* Release */ = {
			isa = XCBuildConfiguration;
			baseConfigurationReference = F6CEE3B6AA01C7CCBBFCF406 /* Pods-IOSChitChat.release.xcconfig */;
			buildSettings = {
				ASSETCATALOG_COMPILER_APPICON_NAME = AppIcon;
				ASSETCATALOG_COMPILER_GLOBAL_ACCENT_COLOR_NAME = AccentColor;
				CODE_SIGN_STYLE = Automatic;
				CURRENT_PROJECT_VERSION = 1;
				GENERATE_INFOPLIST_FILE = YES;
				INFOPLIST_FILE = IOSChitChat/Info.plist;
				INFOPLIST_KEY_UIApplicationSupportsIndirectInputEvents = YES;
				INFOPLIST_KEY_UILaunchStoryboardName = LaunchScreen;
				INFOPLIST_KEY_UISupportedInterfaceOrientations_iPad = "UIInterfaceOrientationPortrait UIInterfaceOrientationPortraitUpsideDown UIInterfaceOrientationLandscapeLeft UIInterfaceOrientationLandscapeRight";
				INFOPLIST_KEY_UISupportedInterfaceOrientations_iPhone = "UIInterfaceOrientationPortrait UIInterfaceOrientationLandscapeLeft UIInterfaceOrientationLandscapeRight";
				LD_RUNPATH_SEARCH_PATHS = (
					"$(inherited)",
					"@executable_path/Frameworks",
				);
				MARKETING_VERSION = 1.0;
				PRODUCT_BUNDLE_IDENTIFIER = com.nazar.IOSChitChat;
				PRODUCT_NAME = "$(TARGET_NAME)";
				SWIFT_EMIT_LOC_STRINGS = YES;
				SWIFT_VERSION = 5.0;
				TARGETED_DEVICE_FAMILY = "1,2";
			};
			name = Release;
		};
/* End XCBuildConfiguration section */

/* Begin XCConfigurationList section */
		B887740E29EFBFD300F3B450 /* Build configuration list for PBXProject "IOSChitChat" */ = {
			isa = XCConfigurationList;
			buildConfigurations = (
				B887742529EFBFD600F3B450 /* Debug */,
				B887742629EFBFD600F3B450 /* Release */,
			);
			defaultConfigurationIsVisible = 0;
			defaultConfigurationName = Release;
		};
		B887742729EFBFD600F3B450 /* Build configuration list for PBXNativeTarget "IOSChitChat" */ = {
			isa = XCConfigurationList;
			buildConfigurations = (
				B887742829EFBFD600F3B450 /* Debug */,
				B887742929EFBFD600F3B450 /* Release */,
			);
			defaultConfigurationIsVisible = 0;
			defaultConfigurationName = Release;
		};
/* End XCConfigurationList section */
	};
	rootObject = B887740B29EFBFD300F3B450 /* Project object */;
}
